// !$*UTF8*$!
{
	archiveVersion = 1;
	classes = {
	};
	objectVersion = 52;
	objects = {

/* Begin PBXBuildFile section */
		4C08F44C2353F8800000C2FC /* AppDelegate.swift in Sources */ = {isa = PBXBuildFile; fileRef = 4C08F44B2353F8800000C2FC /* AppDelegate.swift */; };
		4C08F44E2353F8800000C2FC /* SceneDelegate.swift in Sources */ = {isa = PBXBuildFile; fileRef = 4C08F44D2353F8800000C2FC /* SceneDelegate.swift */; };
		4C08F4502353F8800000C2FC /* RootView.swift in Sources */ = {isa = PBXBuildFile; fileRef = 4C08F44F2353F8800000C2FC /* RootView.swift */; };
		4C08F4522353F8800000C2FC /* Assets.xcassets in Resources */ = {isa = PBXBuildFile; fileRef = 4C08F4512353F8800000C2FC /* Assets.xcassets */; };
		4C08F4552353F8800000C2FC /* Preview Assets.xcassets in Resources */ = {isa = PBXBuildFile; fileRef = 4C08F4542353F8800000C2FC /* Preview Assets.xcassets */; };
		4C08F4582353F8800000C2FC /* LaunchScreen.storyboard in Resources */ = {isa = PBXBuildFile; fileRef = 4C08F4562353F8800000C2FC /* LaunchScreen.storyboard */; };
		4C08F4632353F8810000C2FC /* SpendableTests.swift in Sources */ = {isa = PBXBuildFile; fileRef = 4C08F4622353F8810000C2FC /* SpendableTests.swift */; };
		4C08F46E2353F8810000C2FC /* SpendableUITests.swift in Sources */ = {isa = PBXBuildFile; fileRef = 4C08F46D2353F8810000C2FC /* SpendableUITests.swift */; };
		4C08F47D2353F8C20000C2FC /* schema.json in Resources */ = {isa = PBXBuildFile; fileRef = 4C08F47B2353F8C10000C2FC /* schema.json */; };
		4C08F4812353F8E90000C2FC /* Apollo in Frameworks */ = {isa = PBXBuildFile; productRef = 4C08F4802353F8E90000C2FC /* Apollo */; };
		4C08F487235402DC0000C2FC /* ApolloClient.swift in Sources */ = {isa = PBXBuildFile; fileRef = 4C08F486235402DC0000C2FC /* ApolloClient.swift */; };
		4C0985C223764CB2007CBA43 /* TransactionRowView.swift in Sources */ = {isa = PBXBuildFile; fileRef = 4C0985C123764CB2007CBA43 /* TransactionRowView.swift */; };
		4C0985C7237659C0007CBA43 /* TransactionData.swift in Sources */ = {isa = PBXBuildFile; fileRef = 4C0985C6237659C0007CBA43 /* TransactionData.swift */; };
		4C0985C923765DCC007CBA43 /* TransactionData.graphql in Resources */ = {isa = PBXBuildFile; fileRef = 4C0985C823765DCC007CBA43 /* TransactionData.graphql */; };
		4C0985CB2376610B007CBA43 /* Category.swift in Sources */ = {isa = PBXBuildFile; fileRef = 4C0985CA2376610B007CBA43 /* Category.swift */; };
		4C2FBEB323E6246300C6DF00 /* Pods_Spendable.framework in Frameworks */ = {isa = PBXBuildFile; fileRef = 7CA1C44FF7680674E9E53837 /* Pods_Spendable.framework */; };
		4C2FBEB423E6246300C6DF00 /* Pods_Spendable.framework in Embed Frameworks */ = {isa = PBXBuildFile; fileRef = 7CA1C44FF7680674E9E53837 /* Pods_Spendable.framework */; settings = {ATTRIBUTES = (CodeSignOnCopy, RemoveHeadersOnCopy, ); }; };
		4C2FBEB623E6658100C6DF00 /* Allocation.swift in Sources */ = {isa = PBXBuildFile; fileRef = 4C2FBEB523E6658100C6DF00 /* Allocation.swift */; };
		4C2FBEB923E67B4800C6DF00 /* AllocationsView.swift in Sources */ = {isa = PBXBuildFile; fileRef = 4C2FBEB823E67B4800C6DF00 /* AllocationsView.swift */; };
		4C2FBEBD23E67BD800C6DF00 /* AllocationRowView.swift in Sources */ = {isa = PBXBuildFile; fileRef = 4C2FBEBC23E67BD800C6DF00 /* AllocationRowView.swift */; };
		4C2FBEBF23E67DA400C6DF00 /* AllocationFormView.swift in Sources */ = {isa = PBXBuildFile; fileRef = 4C2FBEBE23E67DA400C6DF00 /* AllocationFormView.swift */; };
		4C2FBEC123E6864D00C6DF00 /* CreateAllocationView.swift in Sources */ = {isa = PBXBuildFile; fileRef = 4C2FBEC023E6864D00C6DF00 /* CreateAllocationView.swift */; };
		4C2FBEC723E77A3900C6DF00 /* SwiftUIRefresh in Frameworks */ = {isa = PBXBuildFile; productRef = 4C2FBEC623E77A3900C6DF00 /* SwiftUIRefresh */; };
		4C2FBECA23E7829000C6DF00 /* AllocationTemplate.swift in Sources */ = {isa = PBXBuildFile; fileRef = 4C2FBEC923E7829000C6DF00 /* AllocationTemplate.swift */; };
		4C2FBECC23E782DA00C6DF00 /* AllocationTemplateLine.swift in Sources */ = {isa = PBXBuildFile; fileRef = 4C2FBECB23E782DA00C6DF00 /* AllocationTemplateLine.swift */; };
		4C2FBECE23E784E800C6DF00 /* AllocationTemplateData.swift in Sources */ = {isa = PBXBuildFile; fileRef = 4C2FBECD23E784E800C6DF00 /* AllocationTemplateData.swift */; };
		4C2FBED023E784F800C6DF00 /* AllocationTemplateData.graphql in Resources */ = {isa = PBXBuildFile; fileRef = 4C2FBECF23E784F800C6DF00 /* AllocationTemplateData.graphql */; };
		4C2FBED223E7C07E00C6DF00 /* AllocationTemplatesView.swift in Sources */ = {isa = PBXBuildFile; fileRef = 4C2FBED123E7C07E00C6DF00 /* AllocationTemplatesView.swift */; };
		4C2FBED423E7C0C600C6DF00 /* AllocationTemplateRowView.swift in Sources */ = {isa = PBXBuildFile; fileRef = 4C2FBED323E7C0C600C6DF00 /* AllocationTemplateRowView.swift */; };
		4C2FBED623E7C11600C6DF00 /* AllocationTemplateView.swift in Sources */ = {isa = PBXBuildFile; fileRef = 4C2FBED523E7C11600C6DF00 /* AllocationTemplateView.swift */; };
		4C2FBED823E7C60E00C6DF00 /* CreateAllocationTemplateView.swift in Sources */ = {isa = PBXBuildFile; fileRef = 4C2FBED723E7C60E00C6DF00 /* CreateAllocationTemplateView.swift */; };
		4C2FBEDA23E7CA8900C6DF00 /* AllocationTemplateFormView.swift in Sources */ = {isa = PBXBuildFile; fileRef = 4C2FBED923E7CA8900C6DF00 /* AllocationTemplateFormView.swift */; };
		4C2FBEDC23E7D7BF00C6DF00 /* CreateAllocationTemplateLineView.swift in Sources */ = {isa = PBXBuildFile; fileRef = 4C2FBEDB23E7D7BF00C6DF00 /* CreateAllocationTemplateLineView.swift */; };
		4C2FBEDE23E7D8C500C6DF00 /* AllocationTemplateLineFormView.swift in Sources */ = {isa = PBXBuildFile; fileRef = 4C2FBEDD23E7D8C500C6DF00 /* AllocationTemplateLineFormView.swift */; };
		4C2FBEE123E7DA0E00C6DF00 /* Budgetable.swift in Sources */ = {isa = PBXBuildFile; fileRef = 4C2FBEE023E7DA0E00C6DF00 /* Budgetable.swift */; };
		4C2FBEE323E7E84D00C6DF00 /* AllocationTemplateLineRowView.swift in Sources */ = {isa = PBXBuildFile; fileRef = 4C2FBEE223E7E84D00C6DF00 /* AllocationTemplateLineRowView.swift */; };
		4C43ACDC23E1207E00315996 /* BudgetFormView.swift in Sources */ = {isa = PBXBuildFile; fileRef = 4C43ACDB23E1207E00315996 /* BudgetFormView.swift */; };
		4C43ACE123E1442B00315996 /* TransactionFormView.swift in Sources */ = {isa = PBXBuildFile; fileRef = 4C43ACE023E1442B00315996 /* TransactionFormView.swift */; };
		4C48B1DC236FA32F00C1D234 /* TransactionsView.swift in Sources */ = {isa = PBXBuildFile; fileRef = 4C48B1DB236FA32F00C1D234 /* TransactionsView.swift */; };
		4C48B1DE236FA50B00C1D234 /* PlaidViewController.swift in Sources */ = {isa = PBXBuildFile; fileRef = 4C48B1DD236FA50B00C1D234 /* PlaidViewController.swift */; };
		4C49919523694916002A4D7C /* SignupView.swift in Sources */ = {isa = PBXBuildFile; fileRef = 4C49919423694916002A4D7C /* SignupView.swift */; };
		4C5780EC23DE2C810053117F /* KeyboardResponsive.swift in Sources */ = {isa = PBXBuildFile; fileRef = 4C5780EB23DE2C810053117F /* KeyboardResponsive.swift */; };
		4C5780F323DE85B60053117F /* String.swift in Sources */ = {isa = PBXBuildFile; fileRef = 4C5780F223DE85B60053117F /* String.swift */; };
		4C5780F823DE95BB0053117F /* CreateBudgetView.swift in Sources */ = {isa = PBXBuildFile; fileRef = 4C5780F723DE95BB0053117F /* CreateBudgetView.swift */; };
		4C5780FD23DE98050053117F /* BudgetInput.swift in Sources */ = {isa = PBXBuildFile; fileRef = 4C5780FC23DE98050053117F /* BudgetInput.swift */; };
		4C5EA93F23712166000EDF15 /* BankMember.swift in Sources */ = {isa = PBXBuildFile; fileRef = 4C5EA93E23712166000EDF15 /* BankMember.swift */; };
		4C5EA9432371254D000EDF15 /* BankAccount.swift in Sources */ = {isa = PBXBuildFile; fileRef = 4C5EA9422371254D000EDF15 /* BankAccount.swift */; };
		4C5EA94523712FBA000EDF15 /* BankMemberRowView.swift in Sources */ = {isa = PBXBuildFile; fileRef = 4C5EA94423712FBA000EDF15 /* BankMemberRowView.swift */; };
		4C5EA94723713518000EDF15 /* BankAccountRowView.swift in Sources */ = {isa = PBXBuildFile; fileRef = 4C5EA94623713518000EDF15 /* BankAccountRowView.swift */; };
		4C6B630C23DFFDE400189931 /* CategoryData.swift in Sources */ = {isa = PBXBuildFile; fileRef = 4C6B630B23DFFDE400189931 /* CategoryData.swift */; };
		4C6B630F23E0083C00189931 /* BudgetPickerView.swift in Sources */ = {isa = PBXBuildFile; fileRef = 4C6B630E23E0083C00189931 /* BudgetPickerView.swift */; };
		4C6B631123E0088C00189931 /* BudgetPickerRowView.swift in Sources */ = {isa = PBXBuildFile; fileRef = 4C6B631023E0088B00189931 /* BudgetPickerRowView.swift */; };
		4C750F1123776A54005BAB1F /* CategoryPickerView.swift in Sources */ = {isa = PBXBuildFile; fileRef = 4C750F1023776A54005BAB1F /* CategoryPickerView.swift */; };
		4C750F1323777828005BAB1F /* CategoryPickerRowView.swift in Sources */ = {isa = PBXBuildFile; fileRef = 4C750F1223777828005BAB1F /* CategoryPickerRowView.swift */; };
		4C9E228C237529E40045E6D6 /* Transaction.swift in Sources */ = {isa = PBXBuildFile; fileRef = 4C9E228B237529E40045E6D6 /* Transaction.swift */; };
		4C9E228E23752FA20045E6D6 /* TransactionView.swift in Sources */ = {isa = PBXBuildFile; fileRef = 4C9E228D23752FA20045E6D6 /* TransactionView.swift */; };
		4C9FE55D23DC04F000489EB1 /* UserData.graphql in Resources */ = {isa = PBXBuildFile; fileRef = 4C9FE55C23DC04F000489EB1 /* UserData.graphql */; };
		4C9FE56023DC152700489EB1 /* BudgetsView.swift in Sources */ = {isa = PBXBuildFile; fileRef = 4C9FE55F23DC152700489EB1 /* BudgetsView.swift */; };
		4C9FE56223DC15DB00489EB1 /* BudgetData.swift in Sources */ = {isa = PBXBuildFile; fileRef = 4C9FE56123DC15DB00489EB1 /* BudgetData.swift */; };
		4C9FE56423DC15ED00489EB1 /* BudgetData.graphql in Resources */ = {isa = PBXBuildFile; fileRef = 4C9FE56323DC15ED00489EB1 /* BudgetData.graphql */; };
		4C9FE56623DC169D00489EB1 /* Budget.swift in Sources */ = {isa = PBXBuildFile; fileRef = 4C9FE56523DC169D00489EB1 /* Budget.swift */; };
		4C9FE56823DC1B9E00489EB1 /* BudgetRowView.swift in Sources */ = {isa = PBXBuildFile; fileRef = 4C9FE56723DC1B9E00489EB1 /* BudgetRowView.swift */; };
		4C9FE56A23DC1BE900489EB1 /* BudgetView.swift in Sources */ = {isa = PBXBuildFile; fileRef = 4C9FE56923DC1BE900489EB1 /* BudgetView.swift */; };
		4CA3F5F4236FE04B0083E471 /* PlaidView.swift in Sources */ = {isa = PBXBuildFile; fileRef = 4CA3F5F3236FE04B0083E471 /* PlaidView.swift */; };
		4CA3F5F92370E4900083E471 /* User.swift in Sources */ = {isa = PBXBuildFile; fileRef = 4CA3F5F82370E4900083E471 /* User.swift */; };
		4CA3F5FC2370FADE0083E471 /* BankMembersView.swift in Sources */ = {isa = PBXBuildFile; fileRef = 4CA3F5FB2370FADE0083E471 /* BankMembersView.swift */; };
		4CE1FB8F23691A870071BF74 /* LoginView.swift in Sources */ = {isa = PBXBuildFile; fileRef = 4CE1FB8E23691A870071BF74 /* LoginView.swift */; };
		4CE1FB9123691B8C0071BF74 /* UserData.swift in Sources */ = {isa = PBXBuildFile; fileRef = 4CE1FB9023691B8C0071BF74 /* UserData.swift */; };
		4CE1FB9423691C030071BF74 /* KeychainSwift in Frameworks */ = {isa = PBXBuildFile; productRef = 4CE1FB9323691C030071BF74 /* KeychainSwift */; };
		4CE1FB9623691F920071BF74 /* API.swift in Sources */ = {isa = PBXBuildFile; fileRef = 4CE1FB9523691F920071BF74 /* API.swift */; };
		4CE1FB98236938DD0071BF74 /* SettingsView.swift in Sources */ = {isa = PBXBuildFile; fileRef = 4CE1FB97236938DD0071BF74 /* SettingsView.swift */; };
		4CE1FB9A23693AA20071BF74 /* MainView.swift in Sources */ = {isa = PBXBuildFile; fileRef = 4CE1FB9923693AA20071BF74 /* MainView.swift */; };
		4CE1FB9C2369402E0071BF74 /* AuthView.swift in Sources */ = {isa = PBXBuildFile; fileRef = 4CE1FB9B2369402E0071BF74 /* AuthView.swift */; };
		4CE24CE123DEAA520020604B /* BankData.swift in Sources */ = {isa = PBXBuildFile; fileRef = 4CE24CE023DEAA520020604B /* BankData.swift */; };
		4CE24CE323DEAA8B0020604B /* BankData.graphql in Resources */ = {isa = PBXBuildFile; fileRef = 4CE24CE223DEAA8B0020604B /* BankData.graphql */; };
		4CE24CE523DEB37B0020604B /* BankMemberView.swift in Sources */ = {isa = PBXBuildFile; fileRef = 4CE24CE423DEB37B0020604B /* BankMemberView.swift */; };
/* End PBXBuildFile section */

/* Begin PBXContainerItemProxy section */
		4C08F45F2353F8810000C2FC /* PBXContainerItemProxy */ = {
			isa = PBXContainerItemProxy;
			containerPortal = 4C08F4402353F8800000C2FC /* Project object */;
			proxyType = 1;
			remoteGlobalIDString = 4C08F4472353F8800000C2FC;
			remoteInfo = Spendable;
		};
		4C08F46A2353F8810000C2FC /* PBXContainerItemProxy */ = {
			isa = PBXContainerItemProxy;
			containerPortal = 4C08F4402353F8800000C2FC /* Project object */;
			proxyType = 1;
			remoteGlobalIDString = 4C08F4472353F8800000C2FC;
			remoteInfo = Spendable;
		};
/* End PBXContainerItemProxy section */

/* Begin PBXCopyFilesBuildPhase section */
		4C5C2E9B23E5FFDB00CF7B2B /* Embed Frameworks */ = {
			isa = PBXCopyFilesBuildPhase;
			buildActionMask = 2147483647;
			dstPath = "";
			dstSubfolderSpec = 10;
			files = (
				4C2FBEB423E6246300C6DF00 /* Pods_Spendable.framework in Embed Frameworks */,
			);
			name = "Embed Frameworks";
			runOnlyForDeploymentPostprocessing = 0;
		};
/* End PBXCopyFilesBuildPhase section */

/* Begin PBXFileReference section */
		446969BD668C903588AA43D8 /* Pods-Spendable.debug.xcconfig */ = {isa = PBXFileReference; includeInIndex = 1; lastKnownFileType = text.xcconfig; name = "Pods-Spendable.debug.xcconfig"; path = "Target Support Files/Pods-Spendable/Pods-Spendable.debug.xcconfig"; sourceTree = "<group>"; };
		4C08F4482353F8800000C2FC /* Spendable.app */ = {isa = PBXFileReference; explicitFileType = wrapper.application; includeInIndex = 0; path = Spendable.app; sourceTree = BUILT_PRODUCTS_DIR; };
		4C08F44B2353F8800000C2FC /* AppDelegate.swift */ = {isa = PBXFileReference; lastKnownFileType = sourcecode.swift; path = AppDelegate.swift; sourceTree = "<group>"; };
		4C08F44D2353F8800000C2FC /* SceneDelegate.swift */ = {isa = PBXFileReference; lastKnownFileType = sourcecode.swift; path = SceneDelegate.swift; sourceTree = "<group>"; };
		4C08F44F2353F8800000C2FC /* RootView.swift */ = {isa = PBXFileReference; lastKnownFileType = sourcecode.swift; path = RootView.swift; sourceTree = "<group>"; };
		4C08F4512353F8800000C2FC /* Assets.xcassets */ = {isa = PBXFileReference; lastKnownFileType = folder.assetcatalog; path = Assets.xcassets; sourceTree = "<group>"; };
		4C08F4542353F8800000C2FC /* Preview Assets.xcassets */ = {isa = PBXFileReference; lastKnownFileType = folder.assetcatalog; path = "Preview Assets.xcassets"; sourceTree = "<group>"; };
		4C08F4572353F8800000C2FC /* Base */ = {isa = PBXFileReference; lastKnownFileType = file.storyboard; name = Base; path = Base.lproj/LaunchScreen.storyboard; sourceTree = "<group>"; };
		4C08F4592353F8800000C2FC /* Info.plist */ = {isa = PBXFileReference; lastKnownFileType = text.plist.xml; path = Info.plist; sourceTree = "<group>"; };
		4C08F45E2353F8810000C2FC /* SpendableTests.xctest */ = {isa = PBXFileReference; explicitFileType = wrapper.cfbundle; includeInIndex = 0; path = SpendableTests.xctest; sourceTree = BUILT_PRODUCTS_DIR; };
		4C08F4622353F8810000C2FC /* SpendableTests.swift */ = {isa = PBXFileReference; lastKnownFileType = sourcecode.swift; path = SpendableTests.swift; sourceTree = "<group>"; };
		4C08F4642353F8810000C2FC /* Info.plist */ = {isa = PBXFileReference; lastKnownFileType = text.plist.xml; path = Info.plist; sourceTree = "<group>"; };
		4C08F4692353F8810000C2FC /* SpendableUITests.xctest */ = {isa = PBXFileReference; explicitFileType = wrapper.cfbundle; includeInIndex = 0; path = SpendableUITests.xctest; sourceTree = BUILT_PRODUCTS_DIR; };
		4C08F46D2353F8810000C2FC /* SpendableUITests.swift */ = {isa = PBXFileReference; lastKnownFileType = sourcecode.swift; path = SpendableUITests.swift; sourceTree = "<group>"; };
		4C08F46F2353F8810000C2FC /* Info.plist */ = {isa = PBXFileReference; lastKnownFileType = text.plist.xml; path = Info.plist; sourceTree = "<group>"; };
		4C08F47B2353F8C10000C2FC /* schema.json */ = {isa = PBXFileReference; fileEncoding = 4; lastKnownFileType = text.json; path = schema.json; sourceTree = "<group>"; };
		4C08F486235402DC0000C2FC /* ApolloClient.swift */ = {isa = PBXFileReference; lastKnownFileType = sourcecode.swift; path = ApolloClient.swift; sourceTree = "<group>"; };
		4C0985C123764CB2007CBA43 /* TransactionRowView.swift */ = {isa = PBXFileReference; lastKnownFileType = sourcecode.swift; path = TransactionRowView.swift; sourceTree = "<group>"; };
		4C0985C6237659C0007CBA43 /* TransactionData.swift */ = {isa = PBXFileReference; lastKnownFileType = sourcecode.swift; path = TransactionData.swift; sourceTree = "<group>"; };
		4C0985C823765DCC007CBA43 /* TransactionData.graphql */ = {isa = PBXFileReference; lastKnownFileType = text; path = TransactionData.graphql; sourceTree = "<group>"; };
		4C0985CA2376610B007CBA43 /* Category.swift */ = {isa = PBXFileReference; lastKnownFileType = sourcecode.swift; path = Category.swift; sourceTree = "<group>"; };
		4C2FBEB523E6658100C6DF00 /* Allocation.swift */ = {isa = PBXFileReference; lastKnownFileType = sourcecode.swift; path = Allocation.swift; sourceTree = "<group>"; };
		4C2FBEB823E67B4800C6DF00 /* AllocationsView.swift */ = {isa = PBXFileReference; lastKnownFileType = sourcecode.swift; path = AllocationsView.swift; sourceTree = "<group>"; };
		4C2FBEBC23E67BD800C6DF00 /* AllocationRowView.swift */ = {isa = PBXFileReference; lastKnownFileType = sourcecode.swift; path = AllocationRowView.swift; sourceTree = "<group>"; };
		4C2FBEBE23E67DA400C6DF00 /* AllocationFormView.swift */ = {isa = PBXFileReference; lastKnownFileType = sourcecode.swift; path = AllocationFormView.swift; sourceTree = "<group>"; };
		4C2FBEC023E6864D00C6DF00 /* CreateAllocationView.swift */ = {isa = PBXFileReference; lastKnownFileType = sourcecode.swift; path = CreateAllocationView.swift; sourceTree = "<group>"; };
		4C2FBEC223E692C300C6DF00 /* Spendable.entitlements */ = {isa = PBXFileReference; lastKnownFileType = text.plist.entitlements; path = Spendable.entitlements; sourceTree = "<group>"; };
		4C2FBEC923E7829000C6DF00 /* AllocationTemplate.swift */ = {isa = PBXFileReference; lastKnownFileType = sourcecode.swift; path = AllocationTemplate.swift; sourceTree = "<group>"; };
		4C2FBECB23E782DA00C6DF00 /* AllocationTemplateLine.swift */ = {isa = PBXFileReference; lastKnownFileType = sourcecode.swift; path = AllocationTemplateLine.swift; sourceTree = "<group>"; };
		4C2FBECD23E784E800C6DF00 /* AllocationTemplateData.swift */ = {isa = PBXFileReference; lastKnownFileType = sourcecode.swift; path = AllocationTemplateData.swift; sourceTree = "<group>"; };
		4C2FBECF23E784F800C6DF00 /* AllocationTemplateData.graphql */ = {isa = PBXFileReference; lastKnownFileType = text; path = AllocationTemplateData.graphql; sourceTree = "<group>"; };
		4C2FBED123E7C07E00C6DF00 /* AllocationTemplatesView.swift */ = {isa = PBXFileReference; lastKnownFileType = sourcecode.swift; path = AllocationTemplatesView.swift; sourceTree = "<group>"; };
		4C2FBED323E7C0C600C6DF00 /* AllocationTemplateRowView.swift */ = {isa = PBXFileReference; lastKnownFileType = sourcecode.swift; path = AllocationTemplateRowView.swift; sourceTree = "<group>"; };
		4C2FBED523E7C11600C6DF00 /* AllocationTemplateView.swift */ = {isa = PBXFileReference; lastKnownFileType = sourcecode.swift; path = AllocationTemplateView.swift; sourceTree = "<group>"; };
		4C2FBED723E7C60E00C6DF00 /* CreateAllocationTemplateView.swift */ = {isa = PBXFileReference; lastKnownFileType = sourcecode.swift; path = CreateAllocationTemplateView.swift; sourceTree = "<group>"; };
		4C2FBED923E7CA8900C6DF00 /* AllocationTemplateFormView.swift */ = {isa = PBXFileReference; lastKnownFileType = sourcecode.swift; path = AllocationTemplateFormView.swift; sourceTree = "<group>"; };
		4C2FBEDB23E7D7BF00C6DF00 /* CreateAllocationTemplateLineView.swift */ = {isa = PBXFileReference; lastKnownFileType = sourcecode.swift; path = CreateAllocationTemplateLineView.swift; sourceTree = "<group>"; };
		4C2FBEDD23E7D8C500C6DF00 /* AllocationTemplateLineFormView.swift */ = {isa = PBXFileReference; lastKnownFileType = sourcecode.swift; path = AllocationTemplateLineFormView.swift; sourceTree = "<group>"; };
		4C2FBEE023E7DA0E00C6DF00 /* Budgetable.swift */ = {isa = PBXFileReference; lastKnownFileType = sourcecode.swift; path = Budgetable.swift; sourceTree = "<group>"; };
		4C2FBEE223E7E84D00C6DF00 /* AllocationTemplateLineRowView.swift */ = {isa = PBXFileReference; lastKnownFileType = sourcecode.swift; path = AllocationTemplateLineRowView.swift; sourceTree = "<group>"; };
		4C43ACDB23E1207E00315996 /* BudgetFormView.swift */ = {isa = PBXFileReference; lastKnownFileType = sourcecode.swift; path = BudgetFormView.swift; sourceTree = "<group>"; };
		4C43ACE023E1442B00315996 /* TransactionFormView.swift */ = {isa = PBXFileReference; lastKnownFileType = sourcecode.swift; path = TransactionFormView.swift; sourceTree = "<group>"; };
		4C48B1DB236FA32F00C1D234 /* TransactionsView.swift */ = {isa = PBXFileReference; lastKnownFileType = sourcecode.swift; path = TransactionsView.swift; sourceTree = "<group>"; };
		4C48B1DD236FA50B00C1D234 /* PlaidViewController.swift */ = {isa = PBXFileReference; lastKnownFileType = sourcecode.swift; path = PlaidViewController.swift; sourceTree = "<group>"; };
		4C49919423694916002A4D7C /* SignupView.swift */ = {isa = PBXFileReference; lastKnownFileType = sourcecode.swift; path = SignupView.swift; sourceTree = "<group>"; };
		4C5780EB23DE2C810053117F /* KeyboardResponsive.swift */ = {isa = PBXFileReference; lastKnownFileType = sourcecode.swift; path = KeyboardResponsive.swift; sourceTree = "<group>"; };
		4C5780F223DE85B60053117F /* String.swift */ = {isa = PBXFileReference; lastKnownFileType = sourcecode.swift; path = String.swift; sourceTree = "<group>"; };
		4C5780F723DE95BB0053117F /* CreateBudgetView.swift */ = {isa = PBXFileReference; lastKnownFileType = sourcecode.swift; path = CreateBudgetView.swift; sourceTree = "<group>"; };
		4C5780FC23DE98050053117F /* BudgetInput.swift */ = {isa = PBXFileReference; lastKnownFileType = sourcecode.swift; path = BudgetInput.swift; sourceTree = "<group>"; };
		4C5EA93E23712166000EDF15 /* BankMember.swift */ = {isa = PBXFileReference; lastKnownFileType = sourcecode.swift; path = BankMember.swift; sourceTree = "<group>"; };
		4C5EA9422371254D000EDF15 /* BankAccount.swift */ = {isa = PBXFileReference; lastKnownFileType = sourcecode.swift; path = BankAccount.swift; sourceTree = "<group>"; };
		4C5EA94423712FBA000EDF15 /* BankMemberRowView.swift */ = {isa = PBXFileReference; lastKnownFileType = sourcecode.swift; path = BankMemberRowView.swift; sourceTree = "<group>"; };
		4C5EA94623713518000EDF15 /* BankAccountRowView.swift */ = {isa = PBXFileReference; lastKnownFileType = sourcecode.swift; path = BankAccountRowView.swift; sourceTree = "<group>"; };
		4C6B630B23DFFDE400189931 /* CategoryData.swift */ = {isa = PBXFileReference; lastKnownFileType = sourcecode.swift; path = CategoryData.swift; sourceTree = "<group>"; };
		4C6B630E23E0083C00189931 /* BudgetPickerView.swift */ = {isa = PBXFileReference; lastKnownFileType = sourcecode.swift; path = BudgetPickerView.swift; sourceTree = "<group>"; };
		4C6B631023E0088B00189931 /* BudgetPickerRowView.swift */ = {isa = PBXFileReference; lastKnownFileType = sourcecode.swift; path = BudgetPickerRowView.swift; sourceTree = "<group>"; };
		4C750F1023776A54005BAB1F /* CategoryPickerView.swift */ = {isa = PBXFileReference; lastKnownFileType = sourcecode.swift; path = CategoryPickerView.swift; sourceTree = "<group>"; };
		4C750F1223777828005BAB1F /* CategoryPickerRowView.swift */ = {isa = PBXFileReference; lastKnownFileType = sourcecode.swift; path = CategoryPickerRowView.swift; sourceTree = "<group>"; };
		4C9E228B237529E40045E6D6 /* Transaction.swift */ = {isa = PBXFileReference; lastKnownFileType = sourcecode.swift; path = Transaction.swift; sourceTree = "<group>"; };
		4C9E228D23752FA20045E6D6 /* TransactionView.swift */ = {isa = PBXFileReference; lastKnownFileType = sourcecode.swift; path = TransactionView.swift; sourceTree = "<group>"; };
		4C9FE55C23DC04F000489EB1 /* UserData.graphql */ = {isa = PBXFileReference; lastKnownFileType = text; path = UserData.graphql; sourceTree = "<group>"; };
		4C9FE55F23DC152700489EB1 /* BudgetsView.swift */ = {isa = PBXFileReference; lastKnownFileType = sourcecode.swift; name = BudgetsView.swift; path = Spendable/Views/Main/Transactions/BudgetsView.swift; sourceTree = SOURCE_ROOT; };
		4C9FE56123DC15DB00489EB1 /* BudgetData.swift */ = {isa = PBXFileReference; lastKnownFileType = sourcecode.swift; path = BudgetData.swift; sourceTree = "<group>"; };
		4C9FE56323DC15ED00489EB1 /* BudgetData.graphql */ = {isa = PBXFileReference; lastKnownFileType = text; path = BudgetData.graphql; sourceTree = "<group>"; };
		4C9FE56523DC169D00489EB1 /* Budget.swift */ = {isa = PBXFileReference; lastKnownFileType = sourcecode.swift; path = Budget.swift; sourceTree = "<group>"; };
		4C9FE56723DC1B9E00489EB1 /* BudgetRowView.swift */ = {isa = PBXFileReference; lastKnownFileType = sourcecode.swift; path = BudgetRowView.swift; sourceTree = "<group>"; };
		4C9FE56923DC1BE900489EB1 /* BudgetView.swift */ = {isa = PBXFileReference; lastKnownFileType = sourcecode.swift; path = BudgetView.swift; sourceTree = "<group>"; };
		4CA3F5F3236FE04B0083E471 /* PlaidView.swift */ = {isa = PBXFileReference; lastKnownFileType = sourcecode.swift; path = PlaidView.swift; sourceTree = "<group>"; };
		4CA3F5F82370E4900083E471 /* User.swift */ = {isa = PBXFileReference; lastKnownFileType = sourcecode.swift; path = User.swift; sourceTree = "<group>"; };
		4CA3F5FB2370FADE0083E471 /* BankMembersView.swift */ = {isa = PBXFileReference; lastKnownFileType = sourcecode.swift; path = BankMembersView.swift; sourceTree = "<group>"; };
		4CE1FB8E23691A870071BF74 /* LoginView.swift */ = {isa = PBXFileReference; lastKnownFileType = sourcecode.swift; path = LoginView.swift; sourceTree = "<group>"; };
		4CE1FB9023691B8C0071BF74 /* UserData.swift */ = {isa = PBXFileReference; lastKnownFileType = sourcecode.swift; path = UserData.swift; sourceTree = "<group>"; };
		4CE1FB9523691F920071BF74 /* API.swift */ = {isa = PBXFileReference; fileEncoding = 4; lastKnownFileType = sourcecode.swift; path = API.swift; sourceTree = "<group>"; };
		4CE1FB97236938DD0071BF74 /* SettingsView.swift */ = {isa = PBXFileReference; lastKnownFileType = sourcecode.swift; path = SettingsView.swift; sourceTree = "<group>"; };
		4CE1FB9923693AA20071BF74 /* MainView.swift */ = {isa = PBXFileReference; lastKnownFileType = sourcecode.swift; path = MainView.swift; sourceTree = "<group>"; };
		4CE1FB9B2369402E0071BF74 /* AuthView.swift */ = {isa = PBXFileReference; lastKnownFileType = sourcecode.swift; path = AuthView.swift; sourceTree = "<group>"; };
		4CE24CE023DEAA520020604B /* BankData.swift */ = {isa = PBXFileReference; lastKnownFileType = sourcecode.swift; path = BankData.swift; sourceTree = "<group>"; };
		4CE24CE223DEAA8B0020604B /* BankData.graphql */ = {isa = PBXFileReference; lastKnownFileType = text; path = BankData.graphql; sourceTree = "<group>"; };
		4CE24CE423DEB37B0020604B /* BankMemberView.swift */ = {isa = PBXFileReference; lastKnownFileType = sourcecode.swift; path = BankMemberView.swift; sourceTree = "<group>"; };
		7CA1C44FF7680674E9E53837 /* Pods_Spendable.framework */ = {isa = PBXFileReference; explicitFileType = wrapper.framework; includeInIndex = 0; path = Pods_Spendable.framework; sourceTree = BUILT_PRODUCTS_DIR; };
		DEA6C1915EAD94B501552639 /* Pods-Spendable.release.xcconfig */ = {isa = PBXFileReference; includeInIndex = 1; lastKnownFileType = text.xcconfig; name = "Pods-Spendable.release.xcconfig"; path = "Target Support Files/Pods-Spendable/Pods-Spendable.release.xcconfig"; sourceTree = "<group>"; };
/* End PBXFileReference section */

/* Begin PBXFrameworksBuildPhase section */
		4C08F4452353F8800000C2FC /* Frameworks */ = {
			isa = PBXFrameworksBuildPhase;
			buildActionMask = 2147483647;
			files = (
				4C2FBEC723E77A3900C6DF00 /* SwiftUIRefresh in Frameworks */,
				4CE1FB9423691C030071BF74 /* KeychainSwift in Frameworks */,
				4C08F4812353F8E90000C2FC /* Apollo in Frameworks */,
				4C2FBEB323E6246300C6DF00 /* Pods_Spendable.framework in Frameworks */,
			);
			runOnlyForDeploymentPostprocessing = 0;
		};
		4C08F45B2353F8810000C2FC /* Frameworks */ = {
			isa = PBXFrameworksBuildPhase;
			buildActionMask = 2147483647;
			files = (
			);
			runOnlyForDeploymentPostprocessing = 0;
		};
		4C08F4662353F8810000C2FC /* Frameworks */ = {
			isa = PBXFrameworksBuildPhase;
			buildActionMask = 2147483647;
			files = (
			);
			runOnlyForDeploymentPostprocessing = 0;
		};
/* End PBXFrameworksBuildPhase section */

/* Begin PBXGroup section */
		4C08F43F2353F8800000C2FC = {
			isa = PBXGroup;
			children = (
				4C43F619236A8B8A00CE5F38 /* Frameworks */,
				4C08F4492353F8800000C2FC /* Products */,
				4C08F44A2353F8800000C2FC /* Spendable */,
				4C08F4612353F8810000C2FC /* SpendableTests */,
				4C08F46C2353F8810000C2FC /* SpendableUITests */,
				9BF49A871EFC79DB4493469E /* Pods */,
			);
			sourceTree = "<group>";
		};
		4C08F4492353F8800000C2FC /* Products */ = {
			isa = PBXGroup;
			children = (
				4C08F4482353F8800000C2FC /* Spendable.app */,
				4C08F45E2353F8810000C2FC /* SpendableTests.xctest */,
				4C08F4692353F8810000C2FC /* SpendableUITests.xctest */,
			);
			name = Products;
			sourceTree = "<group>";
		};
		4C08F44A2353F8800000C2FC /* Spendable */ = {
			isa = PBXGroup;
			children = (
				4C2FBEC223E692C300C6DF00 /* Spendable.entitlements */,
				4C08F47B2353F8C10000C2FC /* schema.json */,
				4C08F4592353F8800000C2FC /* Info.plist */,
				4CE1FB9523691F920071BF74 /* API.swift */,
				4C08F486235402DC0000C2FC /* ApolloClient.swift */,
				4C08F44B2353F8800000C2FC /* AppDelegate.swift */,
				4C08F44D2353F8800000C2FC /* SceneDelegate.swift */,
				4C08F4512353F8800000C2FC /* Assets.xcassets */,
				4C0985C5237659A9007CBA43 /* Data */,
				4C5780F123DE85AB0053117F /* Extensions */,
				4C08F4562353F8800000C2FC /* LaunchScreen.storyboard */,
				4CA3F5F72370E4850083E471 /* Models */,
				4C08F4532353F8800000C2FC /* Preview Content */,
				4C2FBEDF23E7D9FB00C6DF00 /* Protocols */,
				4C5780EA23DE2C710053117F /* Utils */,
				4CE1FB8C23691A610071BF74 /* Views */,
			);
			path = Spendable;
			sourceTree = "<group>";
		};
		4C08F4532353F8800000C2FC /* Preview Content */ = {
			isa = PBXGroup;
			children = (
				4C08F4542353F8800000C2FC /* Preview Assets.xcassets */,
			);
			path = "Preview Content";
			sourceTree = "<group>";
		};
		4C08F4612353F8810000C2FC /* SpendableTests */ = {
			isa = PBXGroup;
			children = (
				4C08F4622353F8810000C2FC /* SpendableTests.swift */,
				4C08F4642353F8810000C2FC /* Info.plist */,
			);
			path = SpendableTests;
			sourceTree = "<group>";
		};
		4C08F46C2353F8810000C2FC /* SpendableUITests */ = {
			isa = PBXGroup;
			children = (
				4C08F46D2353F8810000C2FC /* SpendableUITests.swift */,
				4C08F46F2353F8810000C2FC /* Info.plist */,
			);
			path = SpendableUITests;
			sourceTree = "<group>";
		};
		4C0985C5237659A9007CBA43 /* Data */ = {
			isa = PBXGroup;
			children = (
				4C2FBECF23E784F800C6DF00 /* AllocationTemplateData.graphql */,
				4C2FBECD23E784E800C6DF00 /* AllocationTemplateData.swift */,
				4CE24CE223DEAA8B0020604B /* BankData.graphql */,
				4CE24CE023DEAA520020604B /* BankData.swift */,
				4C9FE56323DC15ED00489EB1 /* BudgetData.graphql */,
				4C9FE56123DC15DB00489EB1 /* BudgetData.swift */,
				4C6B630B23DFFDE400189931 /* CategoryData.swift */,
				4C0985C823765DCC007CBA43 /* TransactionData.graphql */,
				4C0985C6237659C0007CBA43 /* TransactionData.swift */,
				4C9FE55C23DC04F000489EB1 /* UserData.graphql */,
				4CE1FB9023691B8C0071BF74 /* UserData.swift */,
			);
			path = Data;
			sourceTree = "<group>";
		};
		4C2FBEB723E67B3C00C6DF00 /* Allocations */ = {
			isa = PBXGroup;
			children = (
				4C2FBEB823E67B4800C6DF00 /* AllocationsView.swift */,
				4C2FBEBC23E67BD800C6DF00 /* AllocationRowView.swift */,
				4C2FBEBE23E67DA400C6DF00 /* AllocationFormView.swift */,
				4C2FBEC023E6864D00C6DF00 /* CreateAllocationView.swift */,
			);
			path = Allocations;
			sourceTree = "<group>";
		};
		4C2FBEC823E7821600C6DF00 /* AllocationTemplates */ = {
			isa = PBXGroup;
			children = (
				4C2FBED123E7C07E00C6DF00 /* AllocationTemplatesView.swift */,
				4C2FBED323E7C0C600C6DF00 /* AllocationTemplateRowView.swift */,
				4C2FBED523E7C11600C6DF00 /* AllocationTemplateView.swift */,
				4C2FBED723E7C60E00C6DF00 /* CreateAllocationTemplateView.swift */,
				4C2FBED923E7CA8900C6DF00 /* AllocationTemplateFormView.swift */,
				4C2FBEE223E7E84D00C6DF00 /* AllocationTemplateLineRowView.swift */,
				4C2FBEDB23E7D7BF00C6DF00 /* CreateAllocationTemplateLineView.swift */,
				4C2FBEDD23E7D8C500C6DF00 /* AllocationTemplateLineFormView.swift */,
			);
			name = AllocationTemplates;
			path = Budgets;
			sourceTree = "<group>";
		};
		4C2FBEDF23E7D9FB00C6DF00 /* Protocols */ = {
			isa = PBXGroup;
			children = (
				4C2FBEE023E7DA0E00C6DF00 /* Budgetable.swift */,
			);
			path = Protocols;
			sourceTree = "<group>";
		};
		4C43ACDD23E13D8200315996 /* Categories */ = {
			isa = PBXGroup;
			children = (
				4C750F1023776A54005BAB1F /* CategoryPickerView.swift */,
				4C750F1223777828005BAB1F /* CategoryPickerRowView.swift */,
			);
			path = Categories;
			sourceTree = "<group>";
		};
		4C43F619236A8B8A00CE5F38 /* Frameworks */ = {
			isa = PBXGroup;
			children = (
				7CA1C44FF7680674E9E53837 /* Pods_Spendable.framework */,
			);
			name = Frameworks;
			sourceTree = "<group>";
		};
		4C48B1DA236FA31800C1D234 /* Main */ = {
			isa = PBXGroup;
			children = (
				4CE1FB9923693AA20071BF74 /* MainView.swift */,
				4C2FBEB723E67B3C00C6DF00 /* Allocations */,
				4C2FBEC823E7821600C6DF00 /* AllocationTemplates */,
				4C9FE55923DABFEB00489EB1 /* Banks */,
				4C9FE55E23DC14FE00489EB1 /* Budgets */,
				4C43ACDD23E13D8200315996 /* Categories */,
				4C9FE56B23DC255400489EB1 /* Plaid */,
				4CA3F5FA2370FAC40083E471 /* Settings */,
				4C9E2288237529720045E6D6 /* Transactions */,
			);
			path = Main;
			sourceTree = "<group>";
		};
		4C5780EA23DE2C710053117F /* Utils */ = {
			isa = PBXGroup;
			children = (
				4C5780EB23DE2C810053117F /* KeyboardResponsive.swift */,
			);
			path = Utils;
			sourceTree = "<group>";
		};
		4C5780F123DE85AB0053117F /* Extensions */ = {
			isa = PBXGroup;
			children = (
				4C5780F223DE85B60053117F /* String.swift */,
			);
			path = Extensions;
			sourceTree = "<group>";
		};
		4C6B630D23E0082800189931 /* Picker */ = {
			isa = PBXGroup;
			children = (
				4C6B630E23E0083C00189931 /* BudgetPickerView.swift */,
				4C6B631023E0088B00189931 /* BudgetPickerRowView.swift */,
			);
			name = Picker;
			sourceTree = "<group>";
		};
		4C9E2288237529720045E6D6 /* Transactions */ = {
			isa = PBXGroup;
			children = (
				4C48B1DB236FA32F00C1D234 /* TransactionsView.swift */,
				4C0985C123764CB2007CBA43 /* TransactionRowView.swift */,
				4C9E228D23752FA20045E6D6 /* TransactionView.swift */,
				4C43ACE023E1442B00315996 /* TransactionFormView.swift */,
			);
			path = Transactions;
			sourceTree = "<group>";
		};
		4C9FE55923DABFEB00489EB1 /* Banks */ = {
			isa = PBXGroup;
			children = (
				4CA3F5FB2370FADE0083E471 /* BankMembersView.swift */,
				4C5EA94423712FBA000EDF15 /* BankMemberRowView.swift */,
				4CE24CE423DEB37B0020604B /* BankMemberView.swift */,
				4C5EA94623713518000EDF15 /* BankAccountRowView.swift */,
			);
			path = Banks;
			sourceTree = "<group>";
		};
		4C9FE55E23DC14FE00489EB1 /* Budgets */ = {
			isa = PBXGroup;
			children = (
				4C6B630D23E0082800189931 /* Picker */,
				4C9FE55F23DC152700489EB1 /* BudgetsView.swift */,
				4C9FE56723DC1B9E00489EB1 /* BudgetRowView.swift */,
				4C9FE56923DC1BE900489EB1 /* BudgetView.swift */,
				4C43ACDB23E1207E00315996 /* BudgetFormView.swift */,
				4C5780F723DE95BB0053117F /* CreateBudgetView.swift */,
			);
			path = Budgets;
			sourceTree = "<group>";
		};
		4C9FE56B23DC255400489EB1 /* Plaid */ = {
			isa = PBXGroup;
			children = (
				4CA3F5F3236FE04B0083E471 /* PlaidView.swift */,
				4C48B1DD236FA50B00C1D234 /* PlaidViewController.swift */,
			);
			path = Plaid;
			sourceTree = "<group>";
		};
		4CA3F5F72370E4850083E471 /* Models */ = {
			isa = PBXGroup;
			children = (
				4C2FBEB523E6658100C6DF00 /* Allocation.swift */,
				4C2FBEC923E7829000C6DF00 /* AllocationTemplate.swift */,
				4C2FBECB23E782DA00C6DF00 /* AllocationTemplateLine.swift */,
				4C5EA9422371254D000EDF15 /* BankAccount.swift */,
				4C5EA93E23712166000EDF15 /* BankMember.swift */,
				4C9FE56523DC169D00489EB1 /* Budget.swift */,
				4C5780FC23DE98050053117F /* BudgetInput.swift */,
				4C0985CA2376610B007CBA43 /* Category.swift */,
				4C9E228B237529E40045E6D6 /* Transaction.swift */,
				4CA3F5F82370E4900083E471 /* User.swift */,
			);
			path = Models;
			sourceTree = "<group>";
		};
		4CA3F5FA2370FAC40083E471 /* Settings */ = {
			isa = PBXGroup;
			children = (
				4CE1FB97236938DD0071BF74 /* SettingsView.swift */,
			);
			path = Settings;
			sourceTree = "<group>";
		};
		4CE1FB8C23691A610071BF74 /* Views */ = {
			isa = PBXGroup;
			children = (
				4CE1FB8D23691A6F0071BF74 /* Auth */,
				4C48B1DA236FA31800C1D234 /* Main */,
				4C08F44F2353F8800000C2FC /* RootView.swift */,
			);
			path = Views;
			sourceTree = "<group>";
		};
		4CE1FB8D23691A6F0071BF74 /* Auth */ = {
			isa = PBXGroup;
			children = (
				4CE1FB9B2369402E0071BF74 /* AuthView.swift */,
				4CE1FB8E23691A870071BF74 /* LoginView.swift */,
				4C49919423694916002A4D7C /* SignupView.swift */,
			);
			path = Auth;
			sourceTree = "<group>";
		};
		9BF49A871EFC79DB4493469E /* Pods */ = {
			isa = PBXGroup;
			children = (
				446969BD668C903588AA43D8 /* Pods-Spendable.debug.xcconfig */,
				DEA6C1915EAD94B501552639 /* Pods-Spendable.release.xcconfig */,
			);
			path = Pods;
			sourceTree = "<group>";
		};
/* End PBXGroup section */

/* Begin PBXNativeTarget section */
		4C08F4472353F8800000C2FC /* Spendable */ = {
			isa = PBXNativeTarget;
			buildConfigurationList = 4C08F4722353F8810000C2FC /* Build configuration list for PBXNativeTarget "Spendable" */;
			buildPhases = (
				5B3693BD98ACAABC3772FF8E /* [CP] Check Pods Manifest.lock */,
				4C08F4822353F9440000C2FC /* Generate Apollo GraphQL API */,
				4C08F4442353F8800000C2FC /* Sources */,
				4C08F4452353F8800000C2FC /* Frameworks */,
				4C08F4462353F8800000C2FC /* Resources */,
				4C5C2E9B23E5FFDB00CF7B2B /* Embed Frameworks */,
				A4CA0B6184E5DB49066AA44A /* [CP] Embed Pods Frameworks */,
				4C43F61B236A8C3F00CE5F38 /* Prepare for Distribution */,
			);
			buildRules = (
			);
			dependencies = (
			);
			name = Spendable;
			packageProductDependencies = (
				4C08F4802353F8E90000C2FC /* Apollo */,
				4CE1FB9323691C030071BF74 /* KeychainSwift */,
				4C2FBEC623E77A3900C6DF00 /* SwiftUIRefresh */,
			);
			productName = Spendable;
			productReference = 4C08F4482353F8800000C2FC /* Spendable.app */;
			productType = "com.apple.product-type.application";
		};
		4C08F45D2353F8810000C2FC /* SpendableTests */ = {
			isa = PBXNativeTarget;
			buildConfigurationList = 4C08F4752353F8810000C2FC /* Build configuration list for PBXNativeTarget "SpendableTests" */;
			buildPhases = (
				4C08F45A2353F8810000C2FC /* Sources */,
				4C08F45B2353F8810000C2FC /* Frameworks */,
				4C08F45C2353F8810000C2FC /* Resources */,
			);
			buildRules = (
			);
			dependencies = (
				4C08F4602353F8810000C2FC /* PBXTargetDependency */,
			);
			name = SpendableTests;
			productName = SpendableTests;
			productReference = 4C08F45E2353F8810000C2FC /* SpendableTests.xctest */;
			productType = "com.apple.product-type.bundle.unit-test";
		};
		4C08F4682353F8810000C2FC /* SpendableUITests */ = {
			isa = PBXNativeTarget;
			buildConfigurationList = 4C08F4782353F8810000C2FC /* Build configuration list for PBXNativeTarget "SpendableUITests" */;
			buildPhases = (
				4C08F4652353F8810000C2FC /* Sources */,
				4C08F4662353F8810000C2FC /* Frameworks */,
				4C08F4672353F8810000C2FC /* Resources */,
			);
			buildRules = (
			);
			dependencies = (
				4C08F46B2353F8810000C2FC /* PBXTargetDependency */,
			);
			name = SpendableUITests;
			productName = SpendableUITests;
			productReference = 4C08F4692353F8810000C2FC /* SpendableUITests.xctest */;
			productType = "com.apple.product-type.bundle.ui-testing";
		};
/* End PBXNativeTarget section */

/* Begin PBXProject section */
		4C08F4402353F8800000C2FC /* Project object */ = {
			isa = PBXProject;
			attributes = {
				LastSwiftUpdateCheck = 1100;
				LastUpgradeCheck = 1100;
				ORGANIZATIONNAME = "Fifty Seven Media";
				TargetAttributes = {
					4C08F4472353F8800000C2FC = {
						CreatedOnToolsVersion = 11.0;
					};
					4C08F45D2353F8810000C2FC = {
						CreatedOnToolsVersion = 11.0;
						TestTargetID = 4C08F4472353F8800000C2FC;
					};
					4C08F4682353F8810000C2FC = {
						CreatedOnToolsVersion = 11.0;
						TestTargetID = 4C08F4472353F8800000C2FC;
					};
				};
			};
			buildConfigurationList = 4C08F4432353F8800000C2FC /* Build configuration list for PBXProject "Spendable" */;
			compatibilityVersion = "Xcode 9.3";
			developmentRegion = en;
			hasScannedForEncodings = 0;
			knownRegions = (
				en,
				Base,
			);
			mainGroup = 4C08F43F2353F8800000C2FC;
			packageReferences = (
				4C08F47F2353F8E90000C2FC /* XCRemoteSwiftPackageReference "apollo-ios" */,
				4CE1FB9223691C030071BF74 /* XCRemoteSwiftPackageReference "keychain-swift" */,
				4C2FBEC523E77A3900C6DF00 /* XCRemoteSwiftPackageReference "SwiftUIRefresh" */,
			);
			productRefGroup = 4C08F4492353F8800000C2FC /* Products */;
			projectDirPath = "";
			projectRoot = "";
			targets = (
				4C08F4472353F8800000C2FC /* Spendable */,
				4C08F45D2353F8810000C2FC /* SpendableTests */,
				4C08F4682353F8810000C2FC /* SpendableUITests */,
			);
		};
/* End PBXProject section */

/* Begin PBXResourcesBuildPhase section */
		4C08F4462353F8800000C2FC /* Resources */ = {
			isa = PBXResourcesBuildPhase;
			buildActionMask = 2147483647;
			files = (
				4C08F47D2353F8C20000C2FC /* schema.json in Resources */,
				4C08F4582353F8800000C2FC /* LaunchScreen.storyboard in Resources */,
				4C9FE56423DC15ED00489EB1 /* BudgetData.graphql in Resources */,
				4C2FBED023E784F800C6DF00 /* AllocationTemplateData.graphql in Resources */,
				4C08F4552353F8800000C2FC /* Preview Assets.xcassets in Resources */,
				4C9FE55D23DC04F000489EB1 /* UserData.graphql in Resources */,
				4C0985C923765DCC007CBA43 /* TransactionData.graphql in Resources */,
				4C08F4522353F8800000C2FC /* Assets.xcassets in Resources */,
				4CE24CE323DEAA8B0020604B /* BankData.graphql in Resources */,
			);
			runOnlyForDeploymentPostprocessing = 0;
		};
		4C08F45C2353F8810000C2FC /* Resources */ = {
			isa = PBXResourcesBuildPhase;
			buildActionMask = 2147483647;
			files = (
			);
			runOnlyForDeploymentPostprocessing = 0;
		};
		4C08F4672353F8810000C2FC /* Resources */ = {
			isa = PBXResourcesBuildPhase;
			buildActionMask = 2147483647;
			files = (
			);
			runOnlyForDeploymentPostprocessing = 0;
		};
/* End PBXResourcesBuildPhase section */

/* Begin PBXShellScriptBuildPhase section */
		4C08F4822353F9440000C2FC /* Generate Apollo GraphQL API */ = {
			isa = PBXShellScriptBuildPhase;
			buildActionMask = 2147483647;
			files = (
			);
			inputFileListPaths = (
			);
			inputPaths = (
				"$(SRCROOT)/${TARGET_NAME}/**/*.graphql",
			);
			name = "Generate Apollo GraphQL API";
			outputFileListPaths = (
			);
			outputPaths = (
				"$(SRCROOT)/${TARGET_NAME}/API.swift",
			);
			runOnlyForDeploymentPostprocessing = 0;
			shellPath = /bin/sh;
			shellScript = "# Go to the build root and search up the chain to find the Derived Data Path where the source packages are checked out.\nDERIVED_DATA_CANDIDATE=\"${BUILD_ROOT}\"\n\nwhile ! [ -d \"${DERIVED_DATA_CANDIDATE}/SourcePackages\" ]; do\n  if [ \"${DERIVED_DATA_CANDIDATE}\" = / ]; then\n    echo >&2 \"error: Unable to locate SourcePackages directory from BUILD_ROOT: '${BUILD_ROOT}'\"\n    exit 1\n  fi\n\n  DERIVED_DATA_CANDIDATE=\"$(dirname \"${DERIVED_DATA_CANDIDATE}\")\"\ndone\n\n# Grab a reference to the directory where scripts are checked out\nSCRIPT_PATH=\"${DERIVED_DATA_CANDIDATE}/SourcePackages/checkouts/apollo-ios/scripts\"\n\nif [ -z \"${SCRIPT_PATH}\" ]; then\n    echo >&2 \"error: Couldn't find the CLI script in your checked out SPM packages; make sure to add the framework to your project.\"\n    exit 1\nfi\n\ncd \"${SRCROOT}/${TARGET_NAME}\"\n\"${SCRIPT_PATH}\"/run-bundled-codegen.sh codegen:generate --target=swift --includes=./**/*.graphql --localSchemaFile=\"schema.json\" API.swift\n";
		};
		4C43F61B236A8C3F00CE5F38 /* Prepare for Distribution */ = {
			isa = PBXShellScriptBuildPhase;
			buildActionMask = 12;
			files = (
			);
			inputFileListPaths = (
			);
			inputPaths = (
			);
			name = "Prepare for Distribution";
			outputFileListPaths = (
			);
			outputPaths = (
			);
			runOnlyForDeploymentPostprocessing = 0;
			shellPath = /bin/sh;
			shellScript = "LINK_ROOT=${PODS_ROOT:+$PODS_ROOT/Plaid/ios}\ncp \"${LINK_ROOT:-$PROJECT_DIR}\"/LinkKit.framework/prepare_for_distribution.sh \"${CODESIGNING_FOLDER_PATH}\"/Frameworks/LinkKit.framework/prepare_for_distribution.sh\n\"${CODESIGNING_FOLDER_PATH}\"/Frameworks/LinkKit.framework/prepare_for_distribution.sh\n";
			showEnvVarsInLog = 0;
		};
		5B3693BD98ACAABC3772FF8E /* [CP] Check Pods Manifest.lock */ = {
			isa = PBXShellScriptBuildPhase;
			buildActionMask = 2147483647;
			files = (
			);
			inputFileListPaths = (
			);
			inputPaths = (
				"${PODS_PODFILE_DIR_PATH}/Podfile.lock",
				"${PODS_ROOT}/Manifest.lock",
			);
			name = "[CP] Check Pods Manifest.lock";
			outputFileListPaths = (
			);
			outputPaths = (
				"$(DERIVED_FILE_DIR)/Pods-Spendable-checkManifestLockResult.txt",
			);
			runOnlyForDeploymentPostprocessing = 0;
			shellPath = /bin/sh;
			shellScript = "diff \"${PODS_PODFILE_DIR_PATH}/Podfile.lock\" \"${PODS_ROOT}/Manifest.lock\" > /dev/null\nif [ $? != 0 ] ; then\n    # print error to STDERR\n    echo \"error: The sandbox is not in sync with the Podfile.lock. Run 'pod install' or update your CocoaPods installation.\" >&2\n    exit 1\nfi\n# This output is used by Xcode 'outputs' to avoid re-running this script phase.\necho \"SUCCESS\" > \"${SCRIPT_OUTPUT_FILE_0}\"\n";
			showEnvVarsInLog = 0;
		};
		A4CA0B6184E5DB49066AA44A /* [CP] Embed Pods Frameworks */ = {
			isa = PBXShellScriptBuildPhase;
			buildActionMask = 2147483647;
			files = (
			);
			inputFileListPaths = (
				"${PODS_ROOT}/Target Support Files/Pods-Spendable/Pods-Spendable-frameworks-${CONFIGURATION}-input-files.xcfilelist",
			);
			name = "[CP] Embed Pods Frameworks";
			outputFileListPaths = (
				"${PODS_ROOT}/Target Support Files/Pods-Spendable/Pods-Spendable-frameworks-${CONFIGURATION}-output-files.xcfilelist",
			);
			runOnlyForDeploymentPostprocessing = 0;
			shellPath = /bin/sh;
			shellScript = "\"${PODS_ROOT}/Target Support Files/Pods-Spendable/Pods-Spendable-frameworks.sh\"\n";
			showEnvVarsInLog = 0;
		};
/* End PBXShellScriptBuildPhase section */

/* Begin PBXSourcesBuildPhase section */
		4C08F4442353F8800000C2FC /* Sources */ = {
			isa = PBXSourcesBuildPhase;
			buildActionMask = 2147483647;
			files = (
				4C5780F323DE85B60053117F /* String.swift in Sources */,
				4C6B630C23DFFDE400189931 /* CategoryData.swift in Sources */,
				4CE1FB9123691B8C0071BF74 /* UserData.swift in Sources */,
				4C5780EC23DE2C810053117F /* KeyboardResponsive.swift in Sources */,
				4C2FBEE323E7E84D00C6DF00 /* AllocationTemplateLineRowView.swift in Sources */,
				4C9FE56A23DC1BE900489EB1 /* BudgetView.swift in Sources */,
				4C43ACE123E1442B00315996 /* TransactionFormView.swift in Sources */,
				4CE1FB98236938DD0071BF74 /* SettingsView.swift in Sources */,
				4C2FBED823E7C60E00C6DF00 /* CreateAllocationTemplateView.swift in Sources */,
				4C2FBEDA23E7CA8900C6DF00 /* AllocationTemplateFormView.swift in Sources */,
				4C2FBECC23E782DA00C6DF00 /* AllocationTemplateLine.swift in Sources */,
				4C9FE56623DC169D00489EB1 /* Budget.swift in Sources */,
				4C2FBEBF23E67DA400C6DF00 /* AllocationFormView.swift in Sources */,
				4C5EA94523712FBA000EDF15 /* BankMemberRowView.swift in Sources */,
				4C2FBECE23E784E800C6DF00 /* AllocationTemplateData.swift in Sources */,
				4C2FBEC123E6864D00C6DF00 /* CreateAllocationView.swift in Sources */,
				4C2FBED423E7C0C600C6DF00 /* AllocationTemplateRowView.swift in Sources */,
				4C2FBEDE23E7D8C500C6DF00 /* AllocationTemplateLineFormView.swift in Sources */,
				4C9FE56823DC1B9E00489EB1 /* BudgetRowView.swift in Sources */,
				4C08F44C2353F8800000C2FC /* AppDelegate.swift in Sources */,
				4C0985C223764CB2007CBA43 /* TransactionRowView.swift in Sources */,
				4C08F44E2353F8800000C2FC /* SceneDelegate.swift in Sources */,
				4C9E228E23752FA20045E6D6 /* TransactionView.swift in Sources */,
				4C08F4502353F8800000C2FC /* RootView.swift in Sources */,
				4C0985CB2376610B007CBA43 /* Category.swift in Sources */,
				4C48B1DC236FA32F00C1D234 /* TransactionsView.swift in Sources */,
				4C2FBECA23E7829000C6DF00 /* AllocationTemplate.swift in Sources */,
				4C2FBEB623E6658100C6DF00 /* Allocation.swift in Sources */,
				4C5EA94723713518000EDF15 /* BankAccountRowView.swift in Sources */,
				4CE1FB8F23691A870071BF74 /* LoginView.swift in Sources */,
				4CE1FB9C2369402E0071BF74 /* AuthView.swift in Sources */,
				4CA3F5FC2370FADE0083E471 /* BankMembersView.swift in Sources */,
				4CA3F5F92370E4900083E471 /* User.swift in Sources */,
				4C08F487235402DC0000C2FC /* ApolloClient.swift in Sources */,
				4C2FBEE123E7DA0E00C6DF00 /* Budgetable.swift in Sources */,
				4C43ACDC23E1207E00315996 /* BudgetFormView.swift in Sources */,
				4C5EA93F23712166000EDF15 /* BankMember.swift in Sources */,
				4C9E228C237529E40045E6D6 /* Transaction.swift in Sources */,
				4C2FBED223E7C07E00C6DF00 /* AllocationTemplatesView.swift in Sources */,
				4CA3F5F4236FE04B0083E471 /* PlaidView.swift in Sources */,
				4C48B1DE236FA50B00C1D234 /* PlaidViewController.swift in Sources */,
				4C2FBEDC23E7D7BF00C6DF00 /* CreateAllocationTemplateLineView.swift in Sources */,
				4C750F1323777828005BAB1F /* CategoryPickerRowView.swift in Sources */,
				4C9FE56023DC152700489EB1 /* BudgetsView.swift in Sources */,
				4C2FBED623E7C11600C6DF00 /* AllocationTemplateView.swift in Sources */,
				4C5780FD23DE98050053117F /* BudgetInput.swift in Sources */,
				4CE1FB9A23693AA20071BF74 /* MainView.swift in Sources */,
				4CE24CE123DEAA520020604B /* BankData.swift in Sources */,
				4C750F1123776A54005BAB1F /* CategoryPickerView.swift in Sources */,
				4C9FE56223DC15DB00489EB1 /* BudgetData.swift in Sources */,
				4C6B630F23E0083C00189931 /* BudgetPickerView.swift in Sources */,
				4CE24CE523DEB37B0020604B /* BankMemberView.swift in Sources */,
				4C0985C7237659C0007CBA43 /* TransactionData.swift in Sources */,
				4C6B631123E0088C00189931 /* BudgetPickerRowView.swift in Sources */,
				4C5EA9432371254D000EDF15 /* BankAccount.swift in Sources */,
				4C49919523694916002A4D7C /* SignupView.swift in Sources */,
				4C2FBEB923E67B4800C6DF00 /* AllocationsView.swift in Sources */,
				4CE1FB9623691F920071BF74 /* API.swift in Sources */,
				4C5780F823DE95BB0053117F /* CreateBudgetView.swift in Sources */,
				4C2FBEBD23E67BD800C6DF00 /* AllocationRowView.swift in Sources */,
			);
			runOnlyForDeploymentPostprocessing = 0;
		};
		4C08F45A2353F8810000C2FC /* Sources */ = {
			isa = PBXSourcesBuildPhase;
			buildActionMask = 2147483647;
			files = (
				4C08F4632353F8810000C2FC /* SpendableTests.swift in Sources */,
			);
			runOnlyForDeploymentPostprocessing = 0;
		};
		4C08F4652353F8810000C2FC /* Sources */ = {
			isa = PBXSourcesBuildPhase;
			buildActionMask = 2147483647;
			files = (
				4C08F46E2353F8810000C2FC /* SpendableUITests.swift in Sources */,
			);
			runOnlyForDeploymentPostprocessing = 0;
		};
/* End PBXSourcesBuildPhase section */

/* Begin PBXTargetDependency section */
		4C08F4602353F8810000C2FC /* PBXTargetDependency */ = {
			isa = PBXTargetDependency;
			target = 4C08F4472353F8800000C2FC /* Spendable */;
			targetProxy = 4C08F45F2353F8810000C2FC /* PBXContainerItemProxy */;
		};
		4C08F46B2353F8810000C2FC /* PBXTargetDependency */ = {
			isa = PBXTargetDependency;
			target = 4C08F4472353F8800000C2FC /* Spendable */;
			targetProxy = 4C08F46A2353F8810000C2FC /* PBXContainerItemProxy */;
		};
/* End PBXTargetDependency section */

/* Begin PBXVariantGroup section */
		4C08F4562353F8800000C2FC /* LaunchScreen.storyboard */ = {
			isa = PBXVariantGroup;
			children = (
				4C08F4572353F8800000C2FC /* Base */,
			);
			name = LaunchScreen.storyboard;
			sourceTree = "<group>";
		};
/* End PBXVariantGroup section */

/* Begin XCBuildConfiguration section */
		4C08F4702353F8810000C2FC /* Debug */ = {
			isa = XCBuildConfiguration;
			buildSettings = {
				ALWAYS_SEARCH_USER_PATHS = NO;
				CLANG_ANALYZER_NONNULL = YES;
				CLANG_ANALYZER_NUMBER_OBJECT_CONVERSION = YES_AGGRESSIVE;
				CLANG_CXX_LANGUAGE_STANDARD = "gnu++14";
				CLANG_CXX_LIBRARY = "libc++";
				CLANG_ENABLE_MODULES = YES;
				CLANG_ENABLE_OBJC_ARC = YES;
				CLANG_ENABLE_OBJC_WEAK = YES;
				CLANG_WARN_BLOCK_CAPTURE_AUTORELEASING = YES;
				CLANG_WARN_BOOL_CONVERSION = YES;
				CLANG_WARN_COMMA = YES;
				CLANG_WARN_CONSTANT_CONVERSION = YES;
				CLANG_WARN_DEPRECATED_OBJC_IMPLEMENTATIONS = YES;
				CLANG_WARN_DIRECT_OBJC_ISA_USAGE = YES_ERROR;
				CLANG_WARN_DOCUMENTATION_COMMENTS = YES;
				CLANG_WARN_EMPTY_BODY = YES;
				CLANG_WARN_ENUM_CONVERSION = YES;
				CLANG_WARN_INFINITE_RECURSION = YES;
				CLANG_WARN_INT_CONVERSION = YES;
				CLANG_WARN_NON_LITERAL_NULL_CONVERSION = YES;
				CLANG_WARN_OBJC_IMPLICIT_RETAIN_SELF = YES;
				CLANG_WARN_OBJC_LITERAL_CONVERSION = YES;
				CLANG_WARN_OBJC_ROOT_CLASS = YES_ERROR;
				CLANG_WARN_RANGE_LOOP_ANALYSIS = YES;
				CLANG_WARN_STRICT_PROTOTYPES = YES;
				CLANG_WARN_SUSPICIOUS_MOVE = YES;
				CLANG_WARN_UNGUARDED_AVAILABILITY = YES_AGGRESSIVE;
				CLANG_WARN_UNREACHABLE_CODE = YES;
				CLANG_WARN__DUPLICATE_METHOD_MATCH = YES;
				COPY_PHASE_STRIP = NO;
				DEBUG_INFORMATION_FORMAT = dwarf;
				ENABLE_STRICT_OBJC_MSGSEND = YES;
				ENABLE_TESTABILITY = YES;
				GCC_C_LANGUAGE_STANDARD = gnu11;
				GCC_DYNAMIC_NO_PIC = NO;
				GCC_NO_COMMON_BLOCKS = YES;
				GCC_OPTIMIZATION_LEVEL = 0;
				GCC_PREPROCESSOR_DEFINITIONS = (
					"DEBUG=1",
					"$(inherited)",
				);
				GCC_WARN_64_TO_32_BIT_CONVERSION = YES;
				GCC_WARN_ABOUT_RETURN_TYPE = YES_ERROR;
				GCC_WARN_UNDECLARED_SELECTOR = YES;
				GCC_WARN_UNINITIALIZED_AUTOS = YES_AGGRESSIVE;
				GCC_WARN_UNUSED_FUNCTION = YES;
				GCC_WARN_UNUSED_VARIABLE = YES;
				IPHONEOS_DEPLOYMENT_TARGET = 13.0;
				MTL_ENABLE_DEBUG_INFO = INCLUDE_SOURCE;
				MTL_FAST_MATH = YES;
				ONLY_ACTIVE_ARCH = YES;
				SDKROOT = iphoneos;
				SWIFT_ACTIVE_COMPILATION_CONDITIONS = DEBUG;
				SWIFT_OPTIMIZATION_LEVEL = "-Onone";
			};
			name = Debug;
		};
		4C08F4712353F8810000C2FC /* Release */ = {
			isa = XCBuildConfiguration;
			buildSettings = {
				ALWAYS_SEARCH_USER_PATHS = NO;
				CLANG_ANALYZER_NONNULL = YES;
				CLANG_ANALYZER_NUMBER_OBJECT_CONVERSION = YES_AGGRESSIVE;
				CLANG_CXX_LANGUAGE_STANDARD = "gnu++14";
				CLANG_CXX_LIBRARY = "libc++";
				CLANG_ENABLE_MODULES = YES;
				CLANG_ENABLE_OBJC_ARC = YES;
				CLANG_ENABLE_OBJC_WEAK = YES;
				CLANG_WARN_BLOCK_CAPTURE_AUTORELEASING = YES;
				CLANG_WARN_BOOL_CONVERSION = YES;
				CLANG_WARN_COMMA = YES;
				CLANG_WARN_CONSTANT_CONVERSION = YES;
				CLANG_WARN_DEPRECATED_OBJC_IMPLEMENTATIONS = YES;
				CLANG_WARN_DIRECT_OBJC_ISA_USAGE = YES_ERROR;
				CLANG_WARN_DOCUMENTATION_COMMENTS = YES;
				CLANG_WARN_EMPTY_BODY = YES;
				CLANG_WARN_ENUM_CONVERSION = YES;
				CLANG_WARN_INFINITE_RECURSION = YES;
				CLANG_WARN_INT_CONVERSION = YES;
				CLANG_WARN_NON_LITERAL_NULL_CONVERSION = YES;
				CLANG_WARN_OBJC_IMPLICIT_RETAIN_SELF = YES;
				CLANG_WARN_OBJC_LITERAL_CONVERSION = YES;
				CLANG_WARN_OBJC_ROOT_CLASS = YES_ERROR;
				CLANG_WARN_RANGE_LOOP_ANALYSIS = YES;
				CLANG_WARN_STRICT_PROTOTYPES = YES;
				CLANG_WARN_SUSPICIOUS_MOVE = YES;
				CLANG_WARN_UNGUARDED_AVAILABILITY = YES_AGGRESSIVE;
				CLANG_WARN_UNREACHABLE_CODE = YES;
				CLANG_WARN__DUPLICATE_METHOD_MATCH = YES;
				COPY_PHASE_STRIP = NO;
				DEBUG_INFORMATION_FORMAT = "dwarf-with-dsym";
				ENABLE_NS_ASSERTIONS = NO;
				ENABLE_STRICT_OBJC_MSGSEND = YES;
				GCC_C_LANGUAGE_STANDARD = gnu11;
				GCC_NO_COMMON_BLOCKS = YES;
				GCC_WARN_64_TO_32_BIT_CONVERSION = YES;
				GCC_WARN_ABOUT_RETURN_TYPE = YES_ERROR;
				GCC_WARN_UNDECLARED_SELECTOR = YES;
				GCC_WARN_UNINITIALIZED_AUTOS = YES_AGGRESSIVE;
				GCC_WARN_UNUSED_FUNCTION = YES;
				GCC_WARN_UNUSED_VARIABLE = YES;
				IPHONEOS_DEPLOYMENT_TARGET = 13.0;
				MTL_ENABLE_DEBUG_INFO = NO;
				MTL_FAST_MATH = YES;
				SDKROOT = iphoneos;
				SWIFT_COMPILATION_MODE = wholemodule;
				SWIFT_OPTIMIZATION_LEVEL = "-O";
				VALIDATE_PRODUCT = YES;
			};
			name = Release;
		};
		4C08F4732353F8810000C2FC /* Debug */ = {
			isa = XCBuildConfiguration;
			baseConfigurationReference = 446969BD668C903588AA43D8 /* Pods-Spendable.debug.xcconfig */;
			buildSettings = {
				ASSETCATALOG_COMPILER_APPICON_NAME = AppIcon;
				CODE_SIGN_ENTITLEMENTS = Spendable/Spendable.entitlements;
				CODE_SIGN_STYLE = Automatic;
				DEVELOPMENT_ASSET_PATHS = "\"Spendable/Preview Content\"";
				DEVELOPMENT_TEAM = A4TA99R8XM;
				ENABLE_PREVIEWS = YES;
				FRAMEWORK_SEARCH_PATHS = (
					"$(inherited)",
					"$(PROJECT_DIR)",
				);
				INFOPLIST_FILE = Spendable/Info.plist;
				LD_RUNPATH_SEARCH_PATHS = (
					"$(inherited)",
					"@executable_path/Frameworks",
				);
				PRODUCT_BUNDLE_IDENTIFIER = fiftysevenmedia.Spendable;
				PRODUCT_NAME = "$(TARGET_NAME)";
				SUPPORTS_MACCATALYST = NO;
				SWIFT_VERSION = 5.0;
				TARGETED_DEVICE_FAMILY = 1;
			};
			name = Debug;
		};
		4C08F4742353F8810000C2FC /* Release */ = {
			isa = XCBuildConfiguration;
			baseConfigurationReference = DEA6C1915EAD94B501552639 /* Pods-Spendable.release.xcconfig */;
			buildSettings = {
				ASSETCATALOG_COMPILER_APPICON_NAME = AppIcon;
				CODE_SIGN_ENTITLEMENTS = Spendable/Spendable.entitlements;
				CODE_SIGN_STYLE = Automatic;
				DEVELOPMENT_ASSET_PATHS = "\"Spendable/Preview Content\"";
				DEVELOPMENT_TEAM = A4TA99R8XM;
				ENABLE_PREVIEWS = YES;
				FRAMEWORK_SEARCH_PATHS = (
					"$(inherited)",
					"$(PROJECT_DIR)",
				);
				INFOPLIST_FILE = Spendable/Info.plist;
				LD_RUNPATH_SEARCH_PATHS = (
					"$(inherited)",
					"@executable_path/Frameworks",
				);
				PRODUCT_BUNDLE_IDENTIFIER = fiftysevenmedia.Spendable;
				PRODUCT_NAME = "$(TARGET_NAME)";
				SUPPORTS_MACCATALYST = NO;
				SWIFT_VERSION = 5.0;
				TARGETED_DEVICE_FAMILY = 1;
			};
			name = Release;
		};
		4C08F4762353F8810000C2FC /* Debug */ = {
			isa = XCBuildConfiguration;
			buildSettings = {
				ALWAYS_EMBED_SWIFT_STANDARD_LIBRARIES = YES;
				BUNDLE_LOADER = "$(TEST_HOST)";
				CODE_SIGN_STYLE = Automatic;
				INFOPLIST_FILE = SpendableTests/Info.plist;
				IPHONEOS_DEPLOYMENT_TARGET = 13.0;
				LD_RUNPATH_SEARCH_PATHS = (
					"$(inherited)",
					"@executable_path/Frameworks",
					"@loader_path/Frameworks",
				);
				PRODUCT_BUNDLE_IDENTIFIER = fiftysevenmedia.SpendableTests;
				PRODUCT_NAME = "$(TARGET_NAME)";
				SWIFT_VERSION = 5.0;
				TARGETED_DEVICE_FAMILY = "1,2";
				TEST_HOST = "$(BUILT_PRODUCTS_DIR)/Spendable.app/Spendable";
			};
			name = Debug;
		};
		4C08F4772353F8810000C2FC /* Release */ = {
			isa = XCBuildConfiguration;
			buildSettings = {
				ALWAYS_EMBED_SWIFT_STANDARD_LIBRARIES = YES;
				BUNDLE_LOADER = "$(TEST_HOST)";
				CODE_SIGN_STYLE = Automatic;
				INFOPLIST_FILE = SpendableTests/Info.plist;
				IPHONEOS_DEPLOYMENT_TARGET = 13.0;
				LD_RUNPATH_SEARCH_PATHS = (
					"$(inherited)",
					"@executable_path/Frameworks",
					"@loader_path/Frameworks",
				);
				PRODUCT_BUNDLE_IDENTIFIER = fiftysevenmedia.SpendableTests;
				PRODUCT_NAME = "$(TARGET_NAME)";
				SWIFT_VERSION = 5.0;
				TARGETED_DEVICE_FAMILY = "1,2";
				TEST_HOST = "$(BUILT_PRODUCTS_DIR)/Spendable.app/Spendable";
			};
			name = Release;
		};
		4C08F4792353F8810000C2FC /* Debug */ = {
			isa = XCBuildConfiguration;
			buildSettings = {
				ALWAYS_EMBED_SWIFT_STANDARD_LIBRARIES = YES;
				CODE_SIGN_STYLE = Automatic;
				INFOPLIST_FILE = SpendableUITests/Info.plist;
				LD_RUNPATH_SEARCH_PATHS = (
					"$(inherited)",
					"@executable_path/Frameworks",
					"@loader_path/Frameworks",
				);
				PRODUCT_BUNDLE_IDENTIFIER = fiftysevenmedia.SpendableUITests;
				PRODUCT_NAME = "$(TARGET_NAME)";
				SWIFT_VERSION = 5.0;
				TARGETED_DEVICE_FAMILY = "1,2";
				TEST_TARGET_NAME = Spendable;
			};
			name = Debug;
		};
		4C08F47A2353F8810000C2FC /* Release */ = {
			isa = XCBuildConfiguration;
			buildSettings = {
				ALWAYS_EMBED_SWIFT_STANDARD_LIBRARIES = YES;
				CODE_SIGN_STYLE = Automatic;
				INFOPLIST_FILE = SpendableUITests/Info.plist;
				LD_RUNPATH_SEARCH_PATHS = (
					"$(inherited)",
					"@executable_path/Frameworks",
					"@loader_path/Frameworks",
				);
				PRODUCT_BUNDLE_IDENTIFIER = fiftysevenmedia.SpendableUITests;
				PRODUCT_NAME = "$(TARGET_NAME)";
				SWIFT_VERSION = 5.0;
				TARGETED_DEVICE_FAMILY = "1,2";
				TEST_TARGET_NAME = Spendable;
			};
			name = Release;
		};
/* End XCBuildConfiguration section */

/* Begin XCConfigurationList section */
		4C08F4432353F8800000C2FC /* Build configuration list for PBXProject "Spendable" */ = {
			isa = XCConfigurationList;
			buildConfigurations = (
				4C08F4702353F8810000C2FC /* Debug */,
				4C08F4712353F8810000C2FC /* Release */,
			);
			defaultConfigurationIsVisible = 0;
			defaultConfigurationName = Release;
		};
		4C08F4722353F8810000C2FC /* Build configuration list for PBXNativeTarget "Spendable" */ = {
			isa = XCConfigurationList;
			buildConfigurations = (
				4C08F4732353F8810000C2FC /* Debug */,
				4C08F4742353F8810000C2FC /* Release */,
			);
			defaultConfigurationIsVisible = 0;
			defaultConfigurationName = Release;
		};
		4C08F4752353F8810000C2FC /* Build configuration list for PBXNativeTarget "SpendableTests" */ = {
			isa = XCConfigurationList;
			buildConfigurations = (
				4C08F4762353F8810000C2FC /* Debug */,
				4C08F4772353F8810000C2FC /* Release */,
			);
			defaultConfigurationIsVisible = 0;
			defaultConfigurationName = Release;
		};
		4C08F4782353F8810000C2FC /* Build configuration list for PBXNativeTarget "SpendableUITests" */ = {
			isa = XCConfigurationList;
			buildConfigurations = (
				4C08F4792353F8810000C2FC /* Debug */,
				4C08F47A2353F8810000C2FC /* Release */,
			);
			defaultConfigurationIsVisible = 0;
			defaultConfigurationName = Release;
		};
/* End XCConfigurationList section */

/* Begin XCRemoteSwiftPackageReference section */
		4C08F47F2353F8E90000C2FC /* XCRemoteSwiftPackageReference "apollo-ios" */ = {
			isa = XCRemoteSwiftPackageReference;
			repositoryURL = "https://github.com/apollographql/apollo-ios.git";
			requirement = {
				kind = upToNextMajorVersion;
				minimumVersion = 0.16.1;
			};
		};
		4C2FBEC523E77A3900C6DF00 /* XCRemoteSwiftPackageReference "SwiftUIRefresh" */ = {
			isa = XCRemoteSwiftPackageReference;
			repositoryURL = "https://github.com/timbersoftware/SwiftUIRefresh.git";
			requirement = {
				kind = upToNextMajorVersion;
				minimumVersion = 0.0.2;
			};
		};
		4CE1FB9223691C030071BF74 /* XCRemoteSwiftPackageReference "keychain-swift" */ = {
			isa = XCRemoteSwiftPackageReference;
			repositoryURL = "https://github.com/evgenyneu/keychain-swift.git";
			requirement = {
				kind = upToNextMajorVersion;
				minimumVersion = 17.0.0;
			};
		};
/* End XCRemoteSwiftPackageReference section */

/* Begin XCSwiftPackageProductDependency section */
		4C08F4802353F8E90000C2FC /* Apollo */ = {
			isa = XCSwiftPackageProductDependency;
			package = 4C08F47F2353F8E90000C2FC /* XCRemoteSwiftPackageReference "apollo-ios" */;
			productName = Apollo;
		};
		4C2FBEC623E77A3900C6DF00 /* SwiftUIRefresh */ = {
			isa = XCSwiftPackageProductDependency;
			package = 4C2FBEC523E77A3900C6DF00 /* XCRemoteSwiftPackageReference "SwiftUIRefresh" */;
			productName = SwiftUIRefresh;
		};
		4CE1FB9323691C030071BF74 /* KeychainSwift */ = {
			isa = XCSwiftPackageProductDependency;
			package = 4CE1FB9223691C030071BF74 /* XCRemoteSwiftPackageReference "keychain-swift" */;
			productName = KeychainSwift;
		};
/* End XCSwiftPackageProductDependency section */
	};
	rootObject = 4C08F4402353F8800000C2FC /* Project object */;
}
